
Microsoft Visual Studio Solution File, Format Version 12.00
# Visual Studio Version 16
VisualStudioVersion = 16.0.29209.152
MinimumVisualStudioVersion = 10.0.40219.1
Project("{9A19103F-16F7-4668-BE54-9A1E7A4F7556}") = "portent", "portent\portent.csproj", "{B51F0229-53A3-4773-8F45-5CFC3636C65E}"
EndProject
Project("{2150E333-8FDC-42A3-9474-1A3956D46DE8}") = ".nuget", ".nuget", "{A384CDD6-B349-4EC7-B2B9-1A47A1CF9D0A}"
	ProjectSection(SolutionItems) = preProject
		.nuget\packages.config = .nuget\packages.config
	EndProjectSection
EndProject
Project("{2150E333-8FDC-42A3-9474-1A3956D46DE8}") = "Solution Items", "Solution Items", "{E866D3C8-0885-4C79-BA12-9DE39C922925}"
	ProjectSection(SolutionItems) = preProject
		.codecov.yml = .codecov.yml
		.editorconfig = .editorconfig
		appveyor.yml = appveyor.yml
		LICENSE = LICENSE
		README.md = README.md
	EndProjectSection
EndProject
Project("{2150E333-8FDC-42A3-9474-1A3956D46DE8}") = "build", "build", "{62D7260B-5AB9-4F0F-9206-B9FC87BD6C00}"
	ProjectSection(SolutionItems) = preProject
		build\opencover.ps1 = build\opencover.ps1
	EndProjectSection
EndProject
Project("{9A19103F-16F7-4668-BE54-9A1E7A4F7556}") = "portent.Test", "portent.Test\portent.Test.csproj", "{2745B9B8-FCA5-4648-994F-69A47C6AFA86}"
EndProject
Project("{FAE04EC0-301F-11D3-BF4B-00C04F79EFBC}") = "portent.Benchmark", "portent.Benchmark\portent.Benchmark.csproj", "{BD1A249D-0576-49EE-BC96-63B9545674BE}"
EndProject
Global
	GlobalSection(SolutionConfigurationPlatforms) = preSolution
		Debug|Any CPU = Debug|Any CPU
		Release|Any CPU = Release|Any CPU
	EndGlobalSection
	GlobalSection(ProjectConfigurationPlatforms) = postSolution
		{B51F0229-53A3-4773-8F45-5CFC3636C65E}.Debug|Any CPU.ActiveCfg = Debug|Any CPU
		{B51F0229-53A3-4773-8F45-5CFC3636C65E}.Debug|Any CPU.Build.0 = Debug|Any CPU
		{B51F0229-53A3-4773-8F45-5CFC3636C65E}.Release|Any CPU.ActiveCfg = Release|Any CPU
		{B51F0229-53A3-4773-8F45-5CFC3636C65E}.Release|Any CPU.Build.0 = Release|Any CPU
		{2745B9B8-FCA5-4648-994F-69A47C6AFA86}.Debug|Any CPU.ActiveCfg = Debug|Any CPU
		{2745B9B8-FCA5-4648-994F-69A47C6AFA86}.Debug|Any CPU.Build.0 = Debug|Any CPU
		{2745B9B8-FCA5-4648-994F-69A47C6AFA86}.Release|Any CPU.ActiveCfg = Release|Any CPU
		{2745B9B8-FCA5-4648-994F-69A47C6AFA86}.Release|Any CPU.Build.0 = Release|Any CPU
		{BD1A249D-0576-49EE-BC96-63B9545674BE}.Debug|Any CPU.ActiveCfg = Debug|Any CPU
		{BD1A249D-0576-49EE-BC96-63B9545674BE}.Debug|Any CPU.Build.0 = Debug|Any CPU
		{BD1A249D-0576-49EE-BC96-63B9545674BE}.Release|Any CPU.ActiveCfg = Release|Any CPU
		{BD1A249D-0576-49EE-BC96-63B9545674BE}.Release|Any CPU.Build.0 = Release|Any CPU
	EndGlobalSection
	GlobalSection(SolutionProperties) = preSolution
		HideSolutionNode = FALSE
	EndGlobalSection
	GlobalSection(ExtensibilityGlobals) = postSolution
		SolutionGuid = {F108B49D-8AF1-4331-8651-19C1601C9B23}
	EndGlobalSection
EndGlobal
